# This file is autogenerated, do not edit; changes may be undone by the next 'dep ensure'.


[[projects]]
  branch = "master"
  digest = "1:75fe4c161dde4c2c9f93377479838335b5a55a4ef7f75dffa59e0c6be61071de"
  name = "github.com/bitrise-io/go-utils"
  packages = [
    "command",
    "errorutil",
    "fileutil",
    "pathutil",
  ]
  pruneopts = "UT"
  revision = "e212188d99b41373b4ff8b69e7b1f677bc427bde"

[[projects]]
  digest = "1:ffe9824d294da03b391f44e1ae8281281b4afc1bdaa9588c9097785e3af10cec"
  name = "github.com/davecgh/go-spew"
  packages = ["spew"]
  pruneopts = "UT"
  revision = "8991bc29aa16c548c550c7ff78260e27b9ab7c73"
  version = "v1.1.1"

[[projects]]
  digest = "1:0028cb19b2e4c3112225cd871870f2d9cf49b9b4276531f03438a88e94be86fe"
  name = "github.com/pmezard/go-difflib"
  packages = ["difflib"]
  pruneopts = "UT"
  revision = "792786c7400a136282c1664665ae0a8db921c6c2"
  version = "v1.0.0"

[[projects]]
  digest = "1:23472f69a3ee7225de2f104aa48c6456959d1c155e45035c9845806d83109190"
  name = "github.com/stretchr/objx"
  packages = ["."]
  pruneopts = "UT"
  revision = "ea4fe68685ee0d3cee7032121851b57e7494e8ea"
  version = "v0.2.0"

[[projects]]
  digest = "1:b76bebe07cc7c7cca37b2c4b29dedb18a3ab4078cb4c3c0c36bb703f7106d02f"
  name = "github.com/stretchr/testify"
  packages = [
    "assert",
    "mock",
  ]
  pruneopts = "UT"
  revision = "004e3cb72213e5e727e4e08f668ee6c8f27e5d32"
  version = "v1.6.0"

[[projects]]
  branch = "v3"
  digest = "1:41e9a1e2c35c57c85aae6e955209cf52d611d2f4fb88889e1d056f19be1ad000"
  name = "gopkg.in/yaml.v3"
  packages = ["."]
  pruneopts = "UT"
  revision = "e3079894b1e86c57cd48ff0d67dfd45de276d131"

[solve-meta]
  analyzer-name = "dep"
  analyzer-version = 1
  input-imports = [
    "github.com/bitrise-io/go-utils/command",
    "github.com/bitrise-io/go-utils/fileutil",
    "github.com/stretchr/testify/assert",
    "github.com/stretchr/testify/mock",
  ]
  solver-name = "gps-cdcl"
  solver-version = 1
